lockfileVersion: '9.0'

settings:
  autoInstallPeers: true
  excludeLinksFromLockfile: false

importers:

  .:
    dependencies:
      chess.js:
        specifier: ^1.4.0
        version: 1.4.0
      chessground:
        specifier: ^9.2.1
        version: 9.2.1
    devDependencies:
      '@types/node':
        specifier: ^26.1.1
        version: 26.1.1

packages:

  '@types/node@26.1.1':
    resolution: {integrity: sha512-nxAkRSVkN1Y0JC1W8ky/fTfkGsMmcrRsbx+3XoZE+rMOX71kLYTV7fLXpqud1GpbpP5TuffXFqfX7fH2GgZREw==}

  chess.js@1.4.0:
    resolution: {integrity: sha512-BBJgrrtKQOzFLonR0l+k64A98NLemPwNsCskwb+29bRwobUa4iTm51E1kwGPbWXAcfdDa18nad6vpPPKPWarqw==}

  chessground@9.2.1:
    resolution: {integrity: sha512-KIdxm0zD69e62XRwdnFB0XUNYSzn5HM3pMazRCwpfruRUowFI8y+1OAK5YSyBff29myeV1/4o5Q8T191+Irbog==}
    deprecated: Package no longer supported. Contact Support at https://www.npmjs.com/support for more info.

  undici-types@8.3.0:
    resolution: {integrity: sha512-j375ScV60dom+YkPFIfTLcOiPxkN/buHz5GobjLhixFuANaNs3C9l4GmrWqejgXWJ7BbJcFYpTEUkS1Ge8bpZQ==}

snapshots:

  '@types/node@26.1.1':
    dependencies:
      undici-types: 8.3.0

  chess.js@1.4.0: {}

  chessground@9.2.1: {}

  undici-types@8.3.0: {}
